
Microsoft Visual Studio Solution File, Format Version 12.00
# Visual Studio 15
VisualStudioVersion = 15.0.28010.2048
MinimumVisualStudioVersion = 10.0.40219.1
Project("{FAE04EC0-301F-11D3-BF4B-00C04F79EFBC}") = "LeftRotate", "LeftRotate\LeftRotate.csproj", "{7A25D705-BCC9-4FAF-8F45-75026A0390EA}"
EndProject
Global
	GlobalSection(SolutionConfigurationPlatforms) = preSolution
		Debug|Any CPU = Debug|Any CPU
		Release|Any CPU = Release|Any CPU
	EndGlobalSection
	GlobalSection(ProjectConfigurationPlatforms) = postSolution
		{7A25D705-BCC9-4FAF-8F45-75026A0390EA}.Debug|Any CPU.ActiveCfg = Debug|Any CPU
		{7A25D705-BCC9-4FAF-8F45-75026A0390EA}.Debug|Any CPU.Build.0 = Debug|Any CPU
		{7A25D705-BCC9-4FAF-8F45-75026A0390EA}.Release|Any CPU.ActiveCfg = Release|Any CPU
		{7A25D705-BCC9-4FAF-8F45-75026A0390EA}.Release|Any CPU.Build.0 = Release|Any CPU
	EndGlobalSection
	GlobalSection(SolutionProperties) = preSolution
		HideSolutionNode = FALSE
	EndGlobalSection
	GlobalSection(ExtensibilityGlobals) = postSolution
		SolutionGuid = {6E75D414-2F9F-4724-B054-CFBC83C7BCFD}
	EndGlobalSection
EndGlobal
